
Microsoft Visual Studio Solution File, Format Version 12.00
# Visual Studio Version 17
VisualStudioVersion = 17.5.33424.131
MinimumVisualStudioVersion = 10.0.40219.1
Project("{FAE04EC0-301F-11D3-BF4B-00C04F79EFBC}") = "Class01_Exercises", "Class01_Exercises\Class01_Exercises.csproj", "{E25F2B52-2B98-480C-A461-B4E52A408B17}"
EndProject
Global
	GlobalSection(SolutionConfigurationPlatforms) = preSolution
		Debug|Any CPU = Debug|Any CPU
		Release|Any CPU = Release|Any CPU
	EndGlobalSection
	GlobalSection(ProjectConfigurationPlatforms) = postSolution
		{E25F2B52-2B98-480C-A461-B4E52A408B17}.Debug|Any CPU.ActiveCfg = Debug|Any CPU
		{E25F2B52-2B98-480C-A461-B4E52A408B17}.Debug|Any CPU.Build.0 = Debug|Any CPU
		{E25F2B52-2B98-480C-A461-B4E52A408B17}.Release|Any CPU.ActiveCfg = Release|Any CPU
		{E25F2B52-2B98-480C-A461-B4E52A408B17}.Release|Any CPU.Build.0 = Release|Any CPU
	EndGlobalSection
	GlobalSection(SolutionProperties) = preSolution
		HideSolutionNode = FALSE
	EndGlobalSection
	GlobalSection(ExtensibilityGlobals) = postSolution
		SolutionGuid = {DB047DD5-D243-4765-8390-3C16532274A0}
	EndGlobalSection
EndGlobal
